
Microsoft Visual Studio Solution File, Format Version 12.00
# Visual Studio Version 16
VisualStudioVersion = 16.0.29728.190
MinimumVisualStudioVersion = 10.0.40219.1
Project("{FAE04EC0-301F-11D3-BF4B-00C04F79EFBC}") = "sdlcdotnetcoreapp01", "sdlcdotnetcoreapp01.csproj", "{0DEC786F-F8AF-4AC8-B223-41DC24149F3A}"
EndProject
Global
	GlobalSection(SolutionConfigurationPlatforms) = preSolution
		Debug|Any CPU = Debug|Any CPU
		Release|Any CPU = Release|Any CPU
	EndGlobalSection
	GlobalSection(ProjectConfigurationPlatforms) = postSolution
		{0DEC786F-F8AF-4AC8-B223-41DC24149F3A}.Debug|Any CPU.ActiveCfg = Debug|Any CPU
		{0DEC786F-F8AF-4AC8-B223-41DC24149F3A}.Debug|Any CPU.Build.0 = Debug|Any CPU
		{0DEC786F-F8AF-4AC8-B223-41DC24149F3A}.Release|Any CPU.ActiveCfg = Release|Any CPU
		{0DEC786F-F8AF-4AC8-B223-41DC24149F3A}.Release|Any CPU.Build.0 = Release|Any CPU
	EndGlobalSection
	GlobalSection(SolutionProperties) = preSolution
		HideSolutionNode = FALSE
	EndGlobalSection
	GlobalSection(ExtensibilityGlobals) = postSolution
		SolutionGuid = {ED3134C9-7363-4702-B935-8F091BE26259}
	EndGlobalSection
EndGlobal
